// !$*UTF8*$!
{
	archiveVersion = 1;
	classes = {
	};
	objectVersion = 55;
	objects = {

/* Begin PBXBuildFile section */
		8479372B2852761C001AB691 /* GameonSwiftuiTests.swift in Sources */ = {isa = PBXBuildFile; fileRef = 8479372A2852761C001AB691 /* GameonSwiftuiTests.swift */; };
		849A33F2284F728D001C9375 /* GameonSwiftuiApp.swift in Sources */ = {isa = PBXBuildFile; fileRef = 849A33F1284F728D001C9375 /* GameonSwiftuiApp.swift */; };
		849A33F4284F728D001C9375 /* ContentView.swift in Sources */ = {isa = PBXBuildFile; fileRef = 849A33F3284F728D001C9375 /* ContentView.swift */; };
		849A33F6284F7292001C9375 /* Assets.xcassets in Resources */ = {isa = PBXBuildFile; fileRef = 849A33F5284F7292001C9375 /* Assets.xcassets */; };
		849A33F9284F7292001C9375 /* Preview Assets.xcassets in Resources */ = {isa = PBXBuildFile; fileRef = 849A33F8284F7292001C9375 /* Preview Assets.xcassets */; };
		84A1F1A028524A7000FE3480 /* Game.swift in Sources */ = {isa = PBXBuildFile; fileRef = 84A1F19F28524A7000FE3480 /* Game.swift */; };
/* End PBXBuildFile section */

/* Begin PBXContainerItemProxy section */
		8479372C2852761C001AB691 /* PBXContainerItemProxy */ = {
			isa = PBXContainerItemProxy;
			containerPortal = 849A33E6284F728D001C9375 /* Project object */;
			proxyType = 1;
			remoteGlobalIDString = 849A33ED284F728D001C9375;
			remoteInfo = GameonSwiftui;
		};
/* End PBXContainerItemProxy section */

/* Begin PBXFileReference section */
		847937282852761C001AB691 /* GameonSwiftuiTests.xctest */ = {isa = PBXFileReference; explicitFileType = wrapper.cfbundle; includeInIndex = 0; path = GameonSwiftuiTests.xctest; sourceTree = BUILT_PRODUCTS_DIR; };
		8479372A2852761C001AB691 /* GameonSwiftuiTests.swift */ = {isa = PBXFileReference; lastKnownFileType = sourcecode.swift; path = GameonSwiftuiTests.swift; sourceTree = "<group>"; };
		849A33EE284F728D001C9375 /* GameonSwiftui.app */ = {isa = PBXFileReference; explicitFileType = wrapper.application; includeInIndex = 0; path = GameonSwiftui.app; sourceTree = BUILT_PRODUCTS_DIR; };
		849A33F1284F728D001C9375 /* GameonSwiftuiApp.swift */ = {isa = PBXFileReference; lastKnownFileType = sourcecode.swift; path = GameonSwiftuiApp.swift; sourceTree = "<group>"; };
		849A33F3284F728D001C9375 /* ContentView.swift */ = {isa = PBXFileReference; lastKnownFileType = sourcecode.swift; path = ContentView.swift; sourceTree = "<group>"; };
		849A33F5284F7292001C9375 /* Assets.xcassets */ = {isa = PBXFileReference; lastKnownFileType = folder.assetcatalog; path = Assets.xcassets; sourceTree = "<group>"; };
		849A33F8284F7292001C9375 /* Preview Assets.xcassets */ = {isa = PBXFileReference; lastKnownFileType = folder.assetcatalog; path = "Preview Assets.xcassets"; sourceTree = "<group>"; };
		84A1F19F28524A7000FE3480 /* Game.swift */ = {isa = PBXFileReference; lastKnownFileType = sourcecode.swift; path = Game.swift; sourceTree = "<group>"; };
/* End PBXFileReference section */

/* Begin PBXFrameworksBuildPhase section */
		847937252852761C001AB691 /* Frameworks */ = {
			isa = PBXFrameworksBuildPhase;
			buildActionMask = 2147483647;
			files = (
			);
			runOnlyForDeploymentPostprocessing = 0;
		};
		849A33EB284F728D001C9375 /* Frameworks */ = {
			isa = PBXFrameworksBuildPhase;
			buildActionMask = 2147483647;
			files = (
			);
			runOnlyForDeploymentPostprocessing = 0;
		};
/* End PBXFrameworksBuildPhase section */

/* Begin PBXGroup section */
		847937292852761C001AB691 /* GameonSwiftuiTests */ = {
			isa = PBXGroup;
			children = (
				8479372A2852761C001AB691 /* GameonSwiftuiTests.swift */,
			);
			path = GameonSwiftuiTests;
			sourceTree = "<group>";
		};
		849A33E5284F728D001C9375 = {
			isa = PBXGroup;
			children = (
				849A33F0284F728D001C9375 /* GameonSwiftui */,
				847937292852761C001AB691 /* GameonSwiftuiTests */,
				849A33EF284F728D001C9375 /* Products */,
			);
			sourceTree = "<group>";
		};
		849A33EF284F728D001C9375 /* Products */ = {
			isa = PBXGroup;
			children = (
				849A33EE284F728D001C9375 /* GameonSwiftui.app */,
				847937282852761C001AB691 /* GameonSwiftuiTests.xctest */,
			);
			name = Products;
			sourceTree = "<group>";
		};
		849A33F0284F728D001C9375 /* GameonSwiftui */ = {
			isa = PBXGroup;
			children = (
				84A1F19E285249BE00FE3480 /* App */,
				84A1F19D285249A700FE3480 /* VIew */,
				849A33F7284F7292001C9375 /* Preview Content */,
				84A1F19C2852499100FE3480 /* Model */,
			);
			path = GameonSwiftui;
			sourceTree = "<group>";
		};
		849A33F7284F7292001C9375 /* Preview Content */ = {
			isa = PBXGroup;
			children = (
				849A33F8284F7292001C9375 /* Preview Assets.xcassets */,
			);
			path = "Preview Content";
			sourceTree = "<group>";
		};
		84A1F19C2852499100FE3480 /* Model */ = {
			isa = PBXGroup;
			children = (
				84A1F19F28524A7000FE3480 /* Game.swift */,
			);
			path = Model;
			sourceTree = "<group>";
		};
		84A1F19D285249A700FE3480 /* VIew */ = {
			isa = PBXGroup;
			children = (
				849A33F3284F728D001C9375 /* ContentView.swift */,
			);
			path = VIew;
			sourceTree = "<group>";
		};
		84A1F19E285249BE00FE3480 /* App */ = {
			isa = PBXGroup;
			children = (
				849A33F1284F728D001C9375 /* GameonSwiftuiApp.swift */,
				849A33F5284F7292001C9375 /* Assets.xcassets */,
			);
			path = App;
			sourceTree = "<group>";
		};
/* End PBXGroup section */

/* Begin PBXNativeTarget section */
		847937272852761C001AB691 /* GameonSwiftuiTests */ = {
			isa = PBXNativeTarget;
			buildConfigurationList = 847937302852761C001AB691 /* Build configuration list for PBXNativeTarget "GameonSwiftuiTests" */;
			buildPhases = (
				847937242852761C001AB691 /* Sources */,
				847937252852761C001AB691 /* Frameworks */,
				847937262852761C001AB691 /* Resources */,
			);
			buildRules = (
			);
			dependencies = (
				8479372D2852761C001AB691 /* PBXTargetDependency */,
			);
			name = GameonSwiftuiTests;
			productName = GameonSwiftuiTests;
			productReference = 847937282852761C001AB691 /* GameonSwiftuiTests.xctest */;
			productType = "com.apple.product-type.bundle.unit-test";
		};
		849A33ED284F728D001C9375 /* GameonSwiftui */ = {
			isa = PBXNativeTarget;
			buildConfigurationList = 849A33FC284F7292001C9375 /* Build configuration list for PBXNativeTarget "GameonSwiftui" */;
			buildPhases = (
				849A33EA284F728D001C9375 /* Sources */,
				849A33EB284F728D001C9375 /* Frameworks */,
				849A33EC284F728D001C9375 /* Resources */,
			);
			buildRules = (
			);
			dependencies = (
			);
			name = GameonSwiftui;
			productName = GameonSwiftui;
			productReference = 849A33EE284F728D001C9375 /* GameonSwiftui.app */;
			productType = "com.apple.product-type.application";
		};
/* End PBXNativeTarget section */

/* Begin PBXProject section */
		849A33E6284F728D001C9375 /* Project object */ = {
			isa = PBXProject;
			attributes = {
				BuildIndependentTargetsInParallel = 1;
				LastSwiftUpdateCheck = 1340;
				LastUpgradeCheck = 1340;
				TargetAttributes = {
					847937272852761C001AB691 = {
						CreatedOnToolsVersion = 13.4.1;
						TestTargetID = 849A33ED284F728D001C9375;
					};
					849A33ED284F728D001C9375 = {
						CreatedOnToolsVersion = 13.4.1;
					};
				};
			};
			buildConfigurationList = 849A33E9284F728D001C9375 /* Build configuration list for PBXProject "GameonSwiftui" */;
			compatibilityVersion = "Xcode 13.0";
			developmentRegion = en;
			hasScannedForEncodings = 0;
			knownRegions = (
				en,
				Base,
			);
			mainGroup = 849A33E5284F728D001C9375;
			productRefGroup = 849A33EF284F728D001C9375 /* Products */;
			projectDirPath = "";
			projectRoot = "";
			targets = (
				849A33ED284F728D001C9375 /* GameonSwiftui */,
				847937272852761C001AB691 /* GameonSwiftuiTests */,
			);
		};
/* End PBXProject section */

/* Begin PBXResourcesBuildPhase section */
		847937262852761C001AB691 /* Resources */ = {
			isa = PBXResourcesBuildPhase;
			buildActionMask = 2147483647;
			files = (
			);
			runOnlyForDeploymentPostprocessing = 0;
		};
		849A33EC284F728D001C9375 /* Resources */ = {
			isa = PBXResourcesBuildPhase;
			buildActionMask = 2147483647;
			files = (
				849A33F9284F7292001C9375 /* Preview Assets.xcassets in Resources */,
				849A33F6284F7292001C9375 /* Assets.xcassets in Resources */,
			);
			runOnlyForDeploymentPostprocessing = 0;
		};
/* End PBXResourcesBuildPhase section */

/* Begin PBXSourcesBuildPhase section */
		847937242852761C001AB691 /* Sources */ = {
			isa = PBXSourcesBuildPhase;
			buildActionMask = 2147483647;
			files = (
				8479372B2852761C001AB691 /* GameonSwiftuiTests.swift in Sources */,
			);
			runOnlyForDeploymentPostprocessing = 0;
		};
		849A33EA284F728D001C9375 /* Sources */ = {
			isa = PBXSourcesBuildPhase;
			buildActionMask = 2147483647;
			files = (
				849A33F4284F728D001C9375 /* ContentView.swift in Sources */,
				84A1F1A028524A7000FE3480 /* Game.swift in Sources */,
				849A33F2284F728D001C9375 /* GameonSwiftuiApp.swift in Sources */,
			);
			runOnlyForDeploymentPostprocessing = 0;
		};
/* End PBXSourcesBuildPhase section */

/* Begin PBXTargetDependency section */
		8479372D2852761C001AB691 /* PBXTargetDependency */ = {
			isa = PBXTargetDependency;
			target = 849A33ED284F728D001C9375 /* GameonSwiftui */;
			targetProxy = 8479372C2852761C001AB691 /* PBXContainerItemProxy */;
		};
/* End PBXTargetDependency section */

/* Begin XCBuildConfiguration section */
		8479372E2852761C001AB691 /* Debug */ = {
			isa = XCBuildConfiguration;
			buildSettings = {
				BUNDLE_LOADER = "$(TEST_HOST)";
				CODE_SIGN_STYLE = Automatic;
				CURRENT_PROJECT_VERSION = 1;
				DEVELOPMENT_TEAM = 6WNZ6H5K49;
				GENERATE_INFOPLIST_FILE = YES;
				MARKETING_VERSION = 1.0;
				PRODUCT_BUNDLE_IDENTIFIER = "Oleksandr-Syurpita.GameonSwiftuiTests";
				PRODUCT_NAME = "$(TARGET_NAME)";
				SWIFT_EMIT_LOC_STRINGS = NO;
				SWIFT_VERSION = 5.0;
				TARGETED_DEVICE_FAMILY = "1,2";
				TEST_HOST = "$(BUILT_PRODUCTS_DIR)/GameonSwiftui.app/GameonSwiftui";
			};
			name = Debug;
		};
		8479372F2852761C001AB691 /* Release */ = {
			isa = XCBuildConfiguration;
			buildSettings = {
				BUNDLE_LOADER = "$(TEST_HOST)";
				CODE_SIGN_STYLE = Automatic;
				CURRENT_PROJECT_VERSION = 1;
				DEVELOPMENT_TEAM = 6WNZ6H5K49;
				GENERATE_INFOPLIST_FILE = YES;
				MARKETING_VERSION = 1.0;
				PRODUCT_BUNDLE_IDENTIFIER = "Oleksandr-Syurpita.GameonSwiftuiTests";
				PRODUCT_NAME = "$(TARGET_NAME)";
				SWIFT_EMIT_LOC_STRINGS = NO;
				SWIFT_VERSION = 5.0;
				TARGETED_DEVICE_FAMILY = "1,2";
				TEST_HOST = "$(BUILT_PRODUCTS_DIR)/GameonSwiftui.app/GameonSwiftui";
			};
			name = Release;
		};
		849A33FA284F7292001C9375 /* Debug */ = {
			isa = XCBuildConfiguration;
			buildSettings = {
				ALWAYS_SEARCH_USER_PATHS = NO;
				CLANG_ANALYZER_NONNULL = YES;
				CLANG_ANALYZER_NUMBER_OBJECT_CONVERSION = YES_AGGRESSIVE;
				CLANG_CXX_LANGUAGE_STANDARD = "gnu++17";
				CLANG_ENABLE_MODULES = YES;
				CLANG_ENABLE_OBJC_ARC = YES;
				CLANG_ENABLE_OBJC_WEAK = YES;
				CLANG_WARN_BLOCK_CAPTURE_AUTORELEASING = YES;
				CLANG_WARN_BOOL_CONVERSION = YES;
				CLANG_WARN_COMMA = YES;
				CLANG_WARN_CONSTANT_CONVERSION = YES;
				CLANG_WARN_DEPRECATED_OBJC_IMPLEMENTATIONS = YES;
				CLANG_WARN_DIRECT_OBJC_ISA_USAGE = YES_ERROR;
				CLANG_WARN_DOCUMENTATION_COMMENTS = YES;
				CLANG_WARN_EMPTY_BODY = YES;
				CLANG_WARN_ENUM_CONVERSION = YES;
				CLANG_WARN_INFINITE_RECURSION = YES;
				CLANG_WARN_INT_CONVERSION = YES;
				CLANG_WARN_NON_LITERAL_NULL_CONVERSION = YES;
				CLANG_WARN_OBJC_IMPLICIT_RETAIN_SELF = YES;
				CLANG_WARN_OBJC_LITERAL_CONVERSION = YES;
				CLANG_WARN_OBJC_ROOT_CLASS = YES_ERROR;
				CLANG_WARN_QUOTED_INCLUDE_IN_FRAMEWORK_HEADER = YES;
				CLANG_WARN_RANGE_LOOP_ANALYSIS = YES;
				CLANG_WARN_STRICT_PROTOTYPES = YES;
				CLANG_WARN_SUSPICIOUS_MOVE = YES;
				CLANG_WARN_UNGUARDED_AVAILABILITY = YES_AGGRESSIVE;
				CLANG_WARN_UNREACHABLE_CODE = YES;
				CLANG_WARN__DUPLICATE_METHOD_MATCH = YES;
				COPY_PHASE_STRIP = NO;
				DEBUG_INFORMATION_FORMAT = dwarf;
				ENABLE_STRICT_OBJC_MSGSEND = YES;
				ENABLE_TESTABILITY = YES;
				GCC_C_LANGUAGE_STANDARD = gnu11;
				GCC_DYNAMIC_NO_PIC = NO;
				GCC_NO_COMMON_BLOCKS = YES;
				GCC_OPTIMIZATION_LEVEL = 0;
				GCC_PREPROCESSOR_DEFINITIONS = (
					"DEBUG=1",
					"$(inherited)",
				);
				GCC_WARN_64_TO_32_BIT_CONVERSION = YES;
				GCC_WARN_ABOUT_RETURN_TYPE = YES_ERROR;
				GCC_WARN_UNDECLARED_SELECTOR = YES;
				GCC_WARN_UNINITIALIZED_AUTOS = YES_AGGRESSIVE;
				GCC_WARN_UNUSED_FUNCTION = YES;
				GCC_WARN_UNUSED_VARIABLE = YES;
				IPHONEOS_DEPLOYMENT_TARGET = 15.5;
				MTL_ENABLE_DEBUG_INFO = INCLUDE_SOURCE;
				MTL_FAST_MATH = YES;
				ONLY_ACTIVE_ARCH = YES;
				SDKROOT = iphoneos;
				SWIFT_ACTIVE_COMPILATION_CONDITIONS = DEBUG;
				SWIFT_OPTIMIZATION_LEVEL = "-Onone";
			};
			name = Debug;
		};
		849A33FB284F7292001C9375 /* Release */ = {
			isa = XCBuildConfiguration;
			buildSettings = {
				ALWAYS_SEARCH_USER_PATHS = NO;
				CLANG_ANALYZER_NONNULL = YES;
				CLANG_ANALYZER_NUMBER_OBJECT_CONVERSION = YES_AGGRESSIVE;
				CLANG_CXX_LANGUAGE_STANDARD = "gnu++17";
				CLANG_ENABLE_MODULES = YES;
				CLANG_ENABLE_OBJC_ARC = YES;
				CLANG_ENABLE_OBJC_WEAK = YES;
				CLANG_WARN_BLOCK_CAPTURE_AUTORELEASING = YES;
				CLANG_WARN_BOOL_CONVERSION = YES;
				CLANG_WARN_COMMA = YES;
				CLANG_WARN_CONSTANT_CONVERSION = YES;
				CLANG_WARN_DEPRECATED_OBJC_IMPLEMENTATIONS = YES;
				CLANG_WARN_DIRECT_OBJC_ISA_USAGE = YES_ERROR;
				CLANG_WARN_DOCUMENTATION_COMMENTS = YES;
				CLANG_WARN_EMPTY_BODY = YES;
				CLANG_WARN_ENUM_CONVERSION = YES;
				CLANG_WARN_INFINITE_RECURSION = YES;
				CLANG_WARN_INT_CONVERSION = YES;
				CLANG_WARN_NON_LITERAL_NULL_CONVERSION = YES;
				CLANG_WARN_OBJC_IMPLICIT_RETAIN_SELF = YES;
				CLANG_WARN_OBJC_LITERAL_CONVERSION = YES;
				CLANG_WARN_OBJC_ROOT_CLASS = YES_ERROR;
				CLANG_WARN_QUOTED_INCLUDE_IN_FRAMEWORK_HEADER = YES;
				CLANG_WARN_RANGE_LOOP_ANALYSIS = YES;
				CLANG_WARN_STRICT_PROTOTYPES = YES;
				CLANG_WARN_SUSPICIOUS_MOVE = YES;
				CLANG_WARN_UNGUARDED_AVAILABILITY = YES_AGGRESSIVE;
				CLANG_WARN_UNREACHABLE_CODE = YES;
				CLANG_WARN__DUPLICATE_METHOD_MATCH = YES;
				COPY_PHASE_STRIP = NO;
				DEBUG_INFORMATION_FORMAT = "dwarf-with-dsym";
				ENABLE_NS_ASSERTIONS = NO;
				ENABLE_STRICT_OBJC_MSGSEND = YES;
				GCC_C_LANGUAGE_STANDARD = gnu11;
				GCC_NO_COMMON_BLOCKS = YES;
				GCC_WARN_64_TO_32_BIT_CONVERSION = YES;
				GCC_WARN_ABOUT_RETURN_TYPE = YES_ERROR;
				GCC_WARN_UNDECLARED_SELECTOR = YES;
				GCC_WARN_UNINITIALIZED_AUTOS = YES_AGGRESSIVE;
				GCC_WARN_UNUSED_FUNCTION = YES;
				GCC_WARN_UNUSED_VARIABLE = YES;
				IPHONEOS_DEPLOYMENT_TARGET = 15.5;
				MTL_ENABLE_DEBUG_INFO = NO;
				MTL_FAST_MATH = YES;
				SDKROOT = iphoneos;
				SWIFT_COMPILATION_MODE = wholemodule;
				SWIFT_OPTIMIZATION_LEVEL = "-O";
				VALIDATE_PRODUCT = YES;
			};
			name = Release;
		};
		849A33FD284F7292001C9375 /* Debug */ = {
			isa = XCBuildConfiguration;
			buildSettings = {
				ASSETCATALOG_COMPILER_APPICON_NAME = AppIcon;
				ASSETCATALOG_COMPILER_GLOBAL_ACCENT_COLOR_NAME = AccentColor;
				CODE_SIGN_STYLE = Automatic;
				CURRENT_PROJECT_VERSION = 1;
				DEVELOPMENT_ASSET_PATHS = "\"GameonSwiftui/Preview Content\"";
				DEVELOPMENT_TEAM = 6WNZ6H5K49;
				ENABLE_PREVIEWS = YES;
				GENERATE_INFOPLIST_FILE = YES;
				INFOPLIST_KEY_UIApplicationSceneManifest_Generation = YES;
				INFOPLIST_KEY_UIApplicationSupportsIndirectInputEvents = YES;
				INFOPLIST_KEY_UILaunchScreen_Generation = YES;
				INFOPLIST_KEY_UISupportedInterfaceOrientations_iPad = "UIInterfaceOrientationPortrait UIInterfaceOrientationPortraitUpsideDown UIInterfaceOrientationLandscapeLeft UIInterfaceOrientationLandscapeRight";
				INFOPLIST_KEY_UISupportedInterfaceOrientations_iPhone = "UIInterfaceOrientationPortrait UIInterfaceOrientationLandscapeLeft UIInterfaceOrientationLandscapeRight";
				LD_RUNPATH_SEARCH_PATHS = (
					"$(inherited)",
					"@executable_path/Frameworks",
				);
				MARKETING_VERSION = 1.0;
				PRODUCT_BUNDLE_IDENTIFIER = "Oleksandr-Syurpita.GameonSwiftui";
				PRODUCT_NAME = "$(TARGET_NAME)";
				SWIFT_EMIT_LOC_STRINGS = YES;
				SWIFT_VERSION = 5.0;
				TARGETED_DEVICE_FAMILY = "1,2";
			};
			name = Debug;
		};
		849A33FE284F7292001C9375 /* Release */ = {
			isa = XCBuildConfiguration;
			buildSettings = {
				ASSETCATALOG_COMPILER_APPICON_NAME = AppIcon;
				ASSETCATALOG_COMPILER_GLOBAL_ACCENT_COLOR_NAME = AccentColor;
				CODE_SIGN_STYLE = Automatic;
				CURRENT_PROJECT_VERSION = 1;
				DEVELOPMENT_ASSET_PATHS = "\"GameonSwiftui/Preview Content\"";
				DEVELOPMENT_TEAM = 6WNZ6H5K49;
				ENABLE_PREVIEWS = YES;
				GENERATE_INFOPLIST_FILE = YES;
				INFOPLIST_KEY_UIApplicationSceneManifest_Generation = YES;
				INFOPLIST_KEY_UIApplicationSupportsIndirectInputEvents = YES;
				INFOPLIST_KEY_UILaunchScreen_Generation = YES;
				INFOPLIST_KEY_UISupportedInterfaceOrientations_iPad = "UIInterfaceOrientationPortrait UIInterfaceOrientationPortraitUpsideDown UIInterfaceOrientationLandscapeLeft UIInterfaceOrientationLandscapeRight";
				INFOPLIST_KEY_UISupportedInterfaceOrientations_iPhone = "UIInterfaceOrientationPortrait UIInterfaceOrientationLandscapeLeft UIInterfaceOrientationLandscapeRight";
				LD_RUNPATH_SEARCH_PATHS = (
					"$(inherited)",
					"@executable_path/Frameworks",
				);
				MARKETING_VERSION = 1.0;
				PRODUCT_BUNDLE_IDENTIFIER = "Oleksandr-Syurpita.GameonSwiftui";
				PRODUCT_NAME = "$(TARGET_NAME)";
				SWIFT_EMIT_LOC_STRINGS = YES;
				SWIFT_VERSION = 5.0;
				TARGETED_DEVICE_FAMILY = "1,2";
			};
			name = Release;
		};
/* End XCBuildConfiguration section */

/* Begin XCConfigurationList section */
		847937302852761C001AB691 /* Build configuration list for PBXNativeTarget "GameonSwiftuiTests" */ = {
			isa = XCConfigurationList;
			buildConfigurations = (
				8479372E2852761C001AB691 /* Debug */,
				8479372F2852761C001AB691 /* Release */,
			);
			defaultConfigurationIsVisible = 0;
			defaultConfigurationName = Release;
		};
		849A33E9284F728D001C9375 /* Build configuration list for PBXProject "GameonSwiftui" */ = {
			isa = XCConfigurationList;
			buildConfigurations = (
				849A33FA284F7292001C9375 /* Debug */,
				849A33FB284F7292001C9375 /* Release */,
			);
			defaultConfigurationIsVisible = 0;
			defaultConfigurationName = Release;
		};
		849A33FC284F7292001C9375 /* Build configuration list for PBXNativeTarget "GameonSwiftui" */ = {
			isa = XCConfigurationList;
			buildConfigurations = (
				849A33FD284F7292001C9375 /* Debug */,
				849A33FE284F7292001C9375 /* Release */,
			);
			defaultConfigurationIsVisible = 0;
			defaultConfigurationName = Release;
		};
/* End XCConfigurationList section */
	};
	rootObject = 849A33E6284F728D001C9375 /* Project object */;
}
